
Microsoft Visual Studio Solution File, Format Version 12.00
# Visual Studio Version 17
VisualStudioVersion = 17.9.34728.123
MinimumVisualStudioVersion = 10.0.40219.1
Project("{FAE04EC0-301F-11D3-BF4B-00C04F79EFBC}") = "ProyectoSistemaTurismo", "ProyectoSistemaTurismo\ProyectoSistemaTurismo.csproj", "{D430F4E8-6613-49CE-B621-EEC92C4D308B}"
EndProject
Global
	GlobalSection(SolutionConfigurationPlatforms) = preSolution
		Debug|Any CPU = Debug|Any CPU
		Release|Any CPU = Release|Any CPU
	EndGlobalSection
	GlobalSection(ProjectConfigurationPlatforms) = postSolution
		{D430F4E8-6613-49CE-B621-EEC92C4D308B}.Debug|Any CPU.ActiveCfg = Debug|Any CPU
		{D430F4E8-6613-49CE-B621-EEC92C4D308B}.Debug|Any CPU.Build.0 = Debug|Any CPU
		{D430F4E8-6613-49CE-B621-EEC92C4D308B}.Release|Any CPU.ActiveCfg = Release|Any CPU
		{D430F4E8-6613-49CE-B621-EEC92C4D308B}.Release|Any CPU.Build.0 = Release|Any CPU
	EndGlobalSection
	GlobalSection(SolutionProperties) = preSolution
		HideSolutionNode = FALSE
	EndGlobalSection
	GlobalSection(ExtensibilityGlobals) = postSolution
		SolutionGuid = {54D95210-978F-49DD-9E4C-488417871ED6}
	EndGlobalSection
EndGlobal
